// !$*UTF8*$!
{
	archiveVersion = 1;
	classes = {
	};
	objectVersion = 55;
	objects = {

/* Begin PBXBuildFile section */
		EF65235028A2075A005C3AB4 /* LearnCombineApp.swift in Sources */ = {isa = PBXBuildFile; fileRef = EF65234F28A2075A005C3AB4 /* LearnCombineApp.swift */; };
		EF65235228A2075A005C3AB4 /* CoinList.swift in Sources */ = {isa = PBXBuildFile; fileRef = EF65235128A2075A005C3AB4 /* CoinList.swift */; };
		EF65235428A2075D005C3AB4 /* Assets.xcassets in Resources */ = {isa = PBXBuildFile; fileRef = EF65235328A2075D005C3AB4 /* Assets.xcassets */; };
		EF65235728A2075D005C3AB4 /* Preview Assets.xcassets in Resources */ = {isa = PBXBuildFile; fileRef = EF65235628A2075D005C3AB4 /* Preview Assets.xcassets */; };
		EF65235E28A20A28005C3AB4 /* CryptoService.swift in Sources */ = {isa = PBXBuildFile; fileRef = EF65235D28A20A28005C3AB4 /* CryptoService.swift */; };
		EF65236328A216AB005C3AB4 /* CoinListViewModel.swift in Sources */ = {isa = PBXBuildFile; fileRef = EF65236228A216AB005C3AB4 /* CoinListViewModel.swift */; };
		EF65236528A216B5005C3AB4 /* CoinViewModel.swift in Sources */ = {isa = PBXBuildFile; fileRef = EF65236428A216B5005C3AB4 /* CoinViewModel.swift */; };
		EF65236728A2173D005C3AB4 /* CryptoDataContainer.swift in Sources */ = {isa = PBXBuildFile; fileRef = EF65236628A2173D005C3AB4 /* CryptoDataContainer.swift */; };
/* End PBXBuildFile section */

/* Begin PBXFileReference section */
		EF65234C28A2075A005C3AB4 /* LearnCombine.app */ = {isa = PBXFileReference; explicitFileType = wrapper.application; includeInIndex = 0; path = LearnCombine.app; sourceTree = BUILT_PRODUCTS_DIR; };
		EF65234F28A2075A005C3AB4 /* LearnCombineApp.swift */ = {isa = PBXFileReference; lastKnownFileType = sourcecode.swift; path = LearnCombineApp.swift; sourceTree = "<group>"; };
		EF65235128A2075A005C3AB4 /* CoinList.swift */ = {isa = PBXFileReference; lastKnownFileType = sourcecode.swift; path = CoinList.swift; sourceTree = "<group>"; };
		EF65235328A2075D005C3AB4 /* Assets.xcassets */ = {isa = PBXFileReference; lastKnownFileType = folder.assetcatalog; path = Assets.xcassets; sourceTree = "<group>"; };
		EF65235628A2075D005C3AB4 /* Preview Assets.xcassets */ = {isa = PBXFileReference; lastKnownFileType = folder.assetcatalog; path = "Preview Assets.xcassets"; sourceTree = "<group>"; };
		EF65235D28A20A28005C3AB4 /* CryptoService.swift */ = {isa = PBXFileReference; lastKnownFileType = sourcecode.swift; path = CryptoService.swift; sourceTree = "<group>"; };
		EF65236228A216AB005C3AB4 /* CoinListViewModel.swift */ = {isa = PBXFileReference; lastKnownFileType = sourcecode.swift; path = CoinListViewModel.swift; sourceTree = "<group>"; };
		EF65236428A216B5005C3AB4 /* CoinViewModel.swift */ = {isa = PBXFileReference; lastKnownFileType = sourcecode.swift; path = CoinViewModel.swift; sourceTree = "<group>"; };
		EF65236628A2173D005C3AB4 /* CryptoDataContainer.swift */ = {isa = PBXFileReference; lastKnownFileType = sourcecode.swift; path = CryptoDataContainer.swift; sourceTree = "<group>"; };
/* End PBXFileReference section */

/* Begin PBXFrameworksBuildPhase section */
		EF65234928A2075A005C3AB4 /* Frameworks */ = {
			isa = PBXFrameworksBuildPhase;
			buildActionMask = 2147483647;
			files = (
			);
			runOnlyForDeploymentPostprocessing = 0;
		};
/* End PBXFrameworksBuildPhase section */

/* Begin PBXGroup section */
		EF65234328A20759005C3AB4 = {
			isa = PBXGroup;
			children = (
				EF65234E28A2075A005C3AB4 /* LearnCombine */,
				EF65234D28A2075A005C3AB4 /* Products */,
			);
			sourceTree = "<group>";
		};
		EF65234D28A2075A005C3AB4 /* Products */ = {
			isa = PBXGroup;
			children = (
				EF65234C28A2075A005C3AB4 /* LearnCombine.app */,
			);
			name = Products;
			sourceTree = "<group>";
		};
		EF65234E28A2075A005C3AB4 /* LearnCombine */ = {
			isa = PBXGroup;
			children = (
				EF65234F28A2075A005C3AB4 /* LearnCombineApp.swift */,
				EF65236128A21695005C3AB4 /* Models */,
				EF65236028A2168A005C3AB4 /* Services */,
				EF65235F28A21671005C3AB4 /* Views */,
				EF65235328A2075D005C3AB4 /* Assets.xcassets */,
				EF65235528A2075D005C3AB4 /* Preview Content */,
			);
			path = LearnCombine;
			sourceTree = "<group>";
		};
		EF65235528A2075D005C3AB4 /* Preview Content */ = {
			isa = PBXGroup;
			children = (
				EF65235628A2075D005C3AB4 /* Preview Assets.xcassets */,
			);
			path = "Preview Content";
			sourceTree = "<group>";
		};
		EF65235F28A21671005C3AB4 /* Views */ = {
			isa = PBXGroup;
			children = (
				EF65235128A2075A005C3AB4 /* CoinList.swift */,
				EF65236228A216AB005C3AB4 /* CoinListViewModel.swift */,
				EF65236428A216B5005C3AB4 /* CoinViewModel.swift */,
			);
			path = Views;
			sourceTree = "<group>";
		};
		EF65236028A2168A005C3AB4 /* Services */ = {
			isa = PBXGroup;
			children = (
				EF65235D28A20A28005C3AB4 /* CryptoService.swift */,
			);
			path = Services;
			sourceTree = "<group>";
		};
		EF65236128A21695005C3AB4 /* Models */ = {
			isa = PBXGroup;
			children = (
				EF65236628A2173D005C3AB4 /* CryptoDataContainer.swift */,
			);
			path = Models;
			sourceTree = "<group>";
		};
/* End PBXGroup section */

/* Begin PBXNativeTarget section */
		EF65234B28A2075A005C3AB4 /* LearnCombine */ = {
			isa = PBXNativeTarget;
			buildConfigurationList = EF65235A28A2075D005C3AB4 /* Build configuration list for PBXNativeTarget "LearnCombine" */;
			buildPhases = (
				EF65234828A2075A005C3AB4 /* Sources */,
				EF65234928A2075A005C3AB4 /* Frameworks */,
				EF65234A28A2075A005C3AB4 /* Resources */,
			);
			buildRules = (
			);
			dependencies = (
			);
			name = LearnCombine;
			productName = LearnCombine;
			productReference = EF65234C28A2075A005C3AB4 /* LearnCombine.app */;
			productType = "com.apple.product-type.application";
		};
/* End PBXNativeTarget section */

/* Begin PBXProject section */
		EF65234428A20759005C3AB4 /* Project object */ = {
			isa = PBXProject;
			attributes = {
				BuildIndependentTargetsInParallel = 1;
				LastSwiftUpdateCheck = 1340;
				LastUpgradeCheck = 1340;
				TargetAttributes = {
					EF65234B28A2075A005C3AB4 = {
						CreatedOnToolsVersion = 13.4.1;
					};
				};
			};
			buildConfigurationList = EF65234728A20759005C3AB4 /* Build configuration list for PBXProject "LearnCombine" */;
			compatibilityVersion = "Xcode 13.0";
			developmentRegion = en;
			hasScannedForEncodings = 0;
			knownRegions = (
				en,
				Base,
			);
			mainGroup = EF65234328A20759005C3AB4;
			productRefGroup = EF65234D28A2075A005C3AB4 /* Products */;
			projectDirPath = "";
			projectRoot = "";
			targets = (
				EF65234B28A2075A005C3AB4 /* LearnCombine */,
			);
		};
/* End PBXProject section */

/* Begin PBXResourcesBuildPhase section */
		EF65234A28A2075A005C3AB4 /* Resources */ = {
			isa = PBXResourcesBuildPhase;
			buildActionMask = 2147483647;
			files = (
				EF65235728A2075D005C3AB4 /* Preview Assets.xcassets in Resources */,
				EF65235428A2075D005C3AB4 /* Assets.xcassets in Resources */,
			);
			runOnlyForDeploymentPostprocessing = 0;
		};
/* End PBXResourcesBuildPhase section */

/* Begin PBXSourcesBuildPhase section */
		EF65234828A2075A005C3AB4 /* Sources */ = {
			isa = PBXSourcesBuildPhase;
			buildActionMask = 2147483647;
			files = (
				EF65236728A2173D005C3AB4 /* CryptoDataContainer.swift in Sources */,
				EF65236528A216B5005C3AB4 /* CoinViewModel.swift in Sources */,
				EF65235228A2075A005C3AB4 /* CoinList.swift in Sources */,
				EF65235E28A20A28005C3AB4 /* CryptoService.swift in Sources */,
				EF65235028A2075A005C3AB4 /* LearnCombineApp.swift in Sources */,
				EF65236328A216AB005C3AB4 /* CoinListViewModel.swift in Sources */,
			);
			runOnlyForDeploymentPostprocessing = 0;
		};
/* End PBXSourcesBuildPhase section */

/* Begin XCBuildConfiguration section */
		EF65235828A2075D005C3AB4 /* Debug */ = {
			isa = XCBuildConfiguration;
			buildSettings = {
				ALWAYS_SEARCH_USER_PATHS = NO;
				CLANG_ANALYZER_NONNULL = YES;
				CLANG_ANALYZER_NUMBER_OBJECT_CONVERSION = YES_AGGRESSIVE;
				CLANG_CXX_LANGUAGE_STANDARD = "gnu++17";
				CLANG_ENABLE_MODULES = YES;
				CLANG_ENABLE_OBJC_ARC = YES;
				CLANG_ENABLE_OBJC_WEAK = YES;
				CLANG_WARN_BLOCK_CAPTURE_AUTORELEASING = YES;
				CLANG_WARN_BOOL_CONVERSION = YES;
				CLANG_WARN_COMMA = YES;
				CLANG_WARN_CONSTANT_CONVERSION = YES;
				CLANG_WARN_DEPRECATED_OBJC_IMPLEMENTATIONS = YES;
				CLANG_WARN_DIRECT_OBJC_ISA_USAGE = YES_ERROR;
				CLANG_WARN_DOCUMENTATION_COMMENTS = YES;
				CLANG_WARN_EMPTY_BODY = YES;
				CLANG_WARN_ENUM_CONVERSION = YES;
				CLANG_WARN_INFINITE_RECURSION = YES;
				CLANG_WARN_INT_CONVERSION = YES;
				CLANG_WARN_NON_LITERAL_NULL_CONVERSION = YES;
				CLANG_WARN_OBJC_IMPLICIT_RETAIN_SELF = YES;
				CLANG_WARN_OBJC_LITERAL_CONVERSION = YES;
				CLANG_WARN_OBJC_ROOT_CLASS = YES_ERROR;
				CLANG_WARN_QUOTED_INCLUDE_IN_FRAMEWORK_HEADER = YES;
				CLANG_WARN_RANGE_LOOP_ANALYSIS = YES;
				CLANG_WARN_STRICT_PROTOTYPES = YES;
				CLANG_WARN_SUSPICIOUS_MOVE = YES;
				CLANG_WARN_UNGUARDED_AVAILABILITY = YES_AGGRESSIVE;
				CLANG_WARN_UNREACHABLE_CODE = YES;
				CLANG_WARN__DUPLICATE_METHOD_MATCH = YES;
				COPY_PHASE_STRIP = NO;
				DEBUG_INFORMATION_FORMAT = dwarf;
				ENABLE_STRICT_OBJC_MSGSEND = YES;
				ENABLE_TESTABILITY = YES;
				GCC_C_LANGUAGE_STANDARD = gnu11;
				GCC_DYNAMIC_NO_PIC = NO;
				GCC_NO_COMMON_BLOCKS = YES;
				GCC_OPTIMIZATION_LEVEL = 0;
				GCC_PREPROCESSOR_DEFINITIONS = (
					"DEBUG=1",
					"$(inherited)",
				);
				GCC_WARN_64_TO_32_BIT_CONVERSION = YES;
				GCC_WARN_ABOUT_RETURN_TYPE = YES_ERROR;
				GCC_WARN_UNDECLARED_SELECTOR = YES;
				GCC_WARN_UNINITIALIZED_AUTOS = YES_AGGRESSIVE;
				GCC_WARN_UNUSED_FUNCTION = YES;
				GCC_WARN_UNUSED_VARIABLE = YES;
				IPHONEOS_DEPLOYMENT_TARGET = 15.5;
				MTL_ENABLE_DEBUG_INFO = INCLUDE_SOURCE;
				MTL_FAST_MATH = YES;
				ONLY_ACTIVE_ARCH = YES;
				SDKROOT = iphoneos;
				SWIFT_ACTIVE_COMPILATION_CONDITIONS = DEBUG;
				SWIFT_OPTIMIZATION_LEVEL = "-Onone";
			};
			name = Debug;
		};
		EF65235928A2075D005C3AB4 /* Release */ = {
			isa = XCBuildConfiguration;
			buildSettings = {
				ALWAYS_SEARCH_USER_PATHS = NO;
				CLANG_ANALYZER_NONNULL = YES;
				CLANG_ANALYZER_NUMBER_OBJECT_CONVERSION = YES_AGGRESSIVE;
				CLANG_CXX_LANGUAGE_STANDARD = "gnu++17";
				CLANG_ENABLE_MODULES = YES;
				CLANG_ENABLE_OBJC_ARC = YES;
				CLANG_ENABLE_OBJC_WEAK = YES;
				CLANG_WARN_BLOCK_CAPTURE_AUTORELEASING = YES;
				CLANG_WARN_BOOL_CONVERSION = YES;
				CLANG_WARN_COMMA = YES;
				CLANG_WARN_CONSTANT_CONVERSION = YES;
				CLANG_WARN_DEPRECATED_OBJC_IMPLEMENTATIONS = YES;
				CLANG_WARN_DIRECT_OBJC_ISA_USAGE = YES_ERROR;
				CLANG_WARN_DOCUMENTATION_COMMENTS = YES;
				CLANG_WARN_EMPTY_BODY = YES;
				CLANG_WARN_ENUM_CONVERSION = YES;
				CLANG_WARN_INFINITE_RECURSION = YES;
				CLANG_WARN_INT_CONVERSION = YES;
				CLANG_WARN_NON_LITERAL_NULL_CONVERSION = YES;
				CLANG_WARN_OBJC_IMPLICIT_RETAIN_SELF = YES;
				CLANG_WARN_OBJC_LITERAL_CONVERSION = YES;
				CLANG_WARN_OBJC_ROOT_CLASS = YES_ERROR;
				CLANG_WARN_QUOTED_INCLUDE_IN_FRAMEWORK_HEADER = YES;
				CLANG_WARN_RANGE_LOOP_ANALYSIS = YES;
				CLANG_WARN_STRICT_PROTOTYPES = YES;
				CLANG_WARN_SUSPICIOUS_MOVE = YES;
				CLANG_WARN_UNGUARDED_AVAILABILITY = YES_AGGRESSIVE;
				CLANG_WARN_UNREACHABLE_CODE = YES;
				CLANG_WARN__DUPLICATE_METHOD_MATCH = YES;
				COPY_PHASE_STRIP = NO;
				DEBUG_INFORMATION_FORMAT = "dwarf-with-dsym";
				ENABLE_NS_ASSERTIONS = NO;
				ENABLE_STRICT_OBJC_MSGSEND = YES;
				GCC_C_LANGUAGE_STANDARD = gnu11;
				GCC_NO_COMMON_BLOCKS = YES;
				GCC_WARN_64_TO_32_BIT_CONVERSION = YES;
				GCC_WARN_ABOUT_RETURN_TYPE = YES_ERROR;
				GCC_WARN_UNDECLARED_SELECTOR = YES;
				GCC_WARN_UNINITIALIZED_AUTOS = YES_AGGRESSIVE;
				GCC_WARN_UNUSED_FUNCTION = YES;
				GCC_WARN_UNUSED_VARIABLE = YES;
				IPHONEOS_DEPLOYMENT_TARGET = 15.5;
				MTL_ENABLE_DEBUG_INFO = NO;
				MTL_FAST_MATH = YES;
				SDKROOT = iphoneos;
				SWIFT_COMPILATION_MODE = wholemodule;
				SWIFT_OPTIMIZATION_LEVEL = "-O";
				VALIDATE_PRODUCT = YES;
			};
			name = Release;
		};
		EF65235B28A2075D005C3AB4 /* Debug */ = {
			isa = XCBuildConfiguration;
			buildSettings = {
				ASSETCATALOG_COMPILER_APPICON_NAME = AppIcon;
				ASSETCATALOG_COMPILER_GLOBAL_ACCENT_COLOR_NAME = AccentColor;
				CODE_SIGN_STYLE = Automatic;
				CURRENT_PROJECT_VERSION = 1;
				DEVELOPMENT_ASSET_PATHS = "\"LearnCombine/Preview Content\"";
				DEVELOPMENT_TEAM = 3X3P9744G9;
				ENABLE_PREVIEWS = YES;
				GENERATE_INFOPLIST_FILE = YES;
				INFOPLIST_KEY_UIApplicationSceneManifest_Generation = YES;
				INFOPLIST_KEY_UIApplicationSupportsIndirectInputEvents = YES;
				INFOPLIST_KEY_UILaunchScreen_Generation = YES;
				INFOPLIST_KEY_UISupportedInterfaceOrientations_iPad = "UIInterfaceOrientationPortrait UIInterfaceOrientationPortraitUpsideDown UIInterfaceOrientationLandscapeLeft UIInterfaceOrientationLandscapeRight";
				INFOPLIST_KEY_UISupportedInterfaceOrientations_iPhone = "UIInterfaceOrientationPortrait UIInterfaceOrientationLandscapeLeft UIInterfaceOrientationLandscapeRight";
				LD_RUNPATH_SEARCH_PATHS = (
					"$(inherited)",
					"@executable_path/Frameworks",
				);
				MARKETING_VERSION = 1.0;
				PRODUCT_BUNDLE_IDENTIFIER = com.woody.LearnCombine;
				PRODUCT_NAME = "$(TARGET_NAME)";
				SWIFT_EMIT_LOC_STRINGS = YES;
				SWIFT_VERSION = 5.0;
				TARGETED_DEVICE_FAMILY = "1,2";
			};
			name = Debug;
		};
		EF65235C28A2075D005C3AB4 /* Release */ = {
			isa = XCBuildConfiguration;
			buildSettings = {
				ASSETCATALOG_COMPILER_APPICON_NAME = AppIcon;
				ASSETCATALOG_COMPILER_GLOBAL_ACCENT_COLOR_NAME = AccentColor;
				CODE_SIGN_STYLE = Automatic;
				CURRENT_PROJECT_VERSION = 1;
				DEVELOPMENT_ASSET_PATHS = "\"LearnCombine/Preview Content\"";
				DEVELOPMENT_TEAM = 3X3P9744G9;
				ENABLE_PREVIEWS = YES;
				GENERATE_INFOPLIST_FILE = YES;
				INFOPLIST_KEY_UIApplicationSceneManifest_Generation = YES;
				INFOPLIST_KEY_UIApplicationSupportsIndirectInputEvents = YES;
				INFOPLIST_KEY_UILaunchScreen_Generation = YES;
				INFOPLIST_KEY_UISupportedInterfaceOrientations_iPad = "UIInterfaceOrientationPortrait UIInterfaceOrientationPortraitUpsideDown UIInterfaceOrientationLandscapeLeft UIInterfaceOrientationLandscapeRight";
				INFOPLIST_KEY_UISupportedInterfaceOrientations_iPhone = "UIInterfaceOrientationPortrait UIInterfaceOrientationLandscapeLeft UIInterfaceOrientationLandscapeRight";
				LD_RUNPATH_SEARCH_PATHS = (
					"$(inherited)",
					"@executable_path/Frameworks",
				);
				MARKETING_VERSION = 1.0;
				PRODUCT_BUNDLE_IDENTIFIER = com.woody.LearnCombine;
				PRODUCT_NAME = "$(TARGET_NAME)";
				SWIFT_EMIT_LOC_STRINGS = YES;
				SWIFT_VERSION = 5.0;
				TARGETED_DEVICE_FAMILY = "1,2";
			};
			name = Release;
		};
/* End XCBuildConfiguration section */

/* Begin XCConfigurationList section */
		EF65234728A20759005C3AB4 /* Build configuration list for PBXProject "LearnCombine" */ = {
			isa = XCConfigurationList;
			buildConfigurations = (
				EF65235828A2075D005C3AB4 /* Debug */,
				EF65235928A2075D005C3AB4 /* Release */,
			);
			defaultConfigurationIsVisible = 0;
			defaultConfigurationName = Release;
		};
		EF65235A28A2075D005C3AB4 /* Build configuration list for PBXNativeTarget "LearnCombine" */ = {
			isa = XCConfigurationList;
			buildConfigurations = (
				EF65235B28A2075D005C3AB4 /* Debug */,
				EF65235C28A2075D005C3AB4 /* Release */,
			);
			defaultConfigurationIsVisible = 0;
			defaultConfigurationName = Release;
		};
/* End XCConfigurationList section */
	};
	rootObject = EF65234428A20759005C3AB4 /* Project object */;
}
